PODS:
  - CocoaAsyncSocket (7.6.5)
  - EchoSDK/Core (0.0.8):
    - CocoaAsyncSocket
  - Masonry (1.1.0)

DEPENDENCIES:
  - EchoSDK/Core (from `../`)
  - Masonry

SPEC REPOS:
  trunk:
    - CocoaAsyncSocket
    - Masonry

EXTERNAL SOURCES:
  EchoSDK:
    :path: "../"

SPEC CHECKSUMS:
  CocoaAsyncSocket: 065fd1e645c7abab64f7a6a2007a48038fdc6a99
  EchoSDK: b3395f8a1b26289b556722a069e40ba368a0b022
  Masonry: 678fab65091a9290e40e2832a55e7ab731aad201

PODFILE CHECKSUM: 0b91a250fb76a58eb333235430d240604b1c8589

COCOAPODS: 1.10.1
