PODS:
  - BSBacktraceLogger (0.0.1)
  - CocoaAsyncSocket (7.6.5)
  - EchoSDK (0.0.7):
    - CocoaAsyncSocket
    - EchoSDK/Plugins (= 0.0.7)
  - EchoSDK/ClientSDK (0.0.7):
    - CocoaAsyncSocket
    - EchoSDK/Core
  - EchoSDK/Core (0.0.7):
    - CocoaAsyncSocket
  - EchoSDK/Plugins (0.0.7):
    - CocoaAsyncSocket
    - EchoSDK/ClientSDK
    - EchoSDK/Core
    - EchoSDK/Plugins/Basic (= 0.0.7)
    - EchoSDK/Plugins/Crash (= 0.0.7)
    - EchoSDK/Plugins/GeneralLog (= 0.0.7)
    - EchoSDK/Plugins/MemoryLeak (= 0.0.7)
    - EchoSDK/Plugins/MockGPS (= 0.0.7)
    - EchoSDK/Plugins/Network (= 0.0.7)
    - EchoSDK/Plugins/Notification (= 0.0.7)
    - EchoSDK/Plugins/NSLog (= 0.0.7)
    - EchoSDK/Plugins/NSUserDefaults (= 0.0.7)
    - EchoSDK/Plugins/UI (= 0.0.7)
    - EchoSDK/Plugins/ViewBorder (= 0.0.7)
    - EchoSDK/Plugins/Watchdog (= 0.0.7)
  - EchoSDK/Plugins/Basic (0.0.7):
    - CocoaAsyncSocket
    - EchoSDK/ClientSDK
    - EchoSDK/Core
  - EchoSDK/Plugins/Crash (0.0.7):
    - CocoaAsyncSocket
    - EchoSDK/ClientSDK
    - EchoSDK/Core
  - EchoSDK/Plugins/GeneralLog (0.0.7):
    - CocoaAsyncSocket
    - EchoSDK/ClientSDK
    - EchoSDK/Core
  - EchoSDK/Plugins/MemoryLeak (0.0.7):
    - CocoaAsyncSocket
    - EchoSDK/ClientSDK
    - EchoSDK/Core
    - MLeaksFinder
    - RSSwizzle
  - EchoSDK/Plugins/MockGPS (0.0.7):
    - CocoaAsyncSocket
    - EchoSDK/ClientSDK
    - EchoSDK/Core
    - EchoSDK/Plugins/Basic
    - JZLocationConverter
  - EchoSDK/Plugins/Network (0.0.7):
    - CocoaAsyncSocket
    - EchoSDK/ClientSDK
    - EchoSDK/Core
    - EchoSDK/Plugins/Basic
  - EchoSDK/Plugins/Notification (0.0.7):
    - CocoaAsyncSocket
    - EchoSDK/ClientSDK
    - EchoSDK/Core
    - EchoSDK/Plugins/Basic
  - EchoSDK/Plugins/NSLog (0.0.7):
    - CocoaAsyncSocket
    - EchoSDK/ClientSDK
    - EchoSDK/Core
    - EchoSDK/Plugins/Basic
  - EchoSDK/Plugins/NSUserDefaults (0.0.7):
    - CocoaAsyncSocket
    - EchoSDK/ClientSDK
    - EchoSDK/Core
  - EchoSDK/Plugins/UI (0.0.7):
    - CocoaAsyncSocket
    - EchoSDK/ClientSDK
    - EchoSDK/Core
  - EchoSDK/Plugins/ViewBorder (0.0.7):
    - CocoaAsyncSocket
    - EchoSDK/ClientSDK
    - EchoSDK/Core
    - EchoSDK/Plugins/Basic
  - EchoSDK/Plugins/Watchdog (0.0.7):
    - BSBacktraceLogger
    - CocoaAsyncSocket
    - EchoSDK/ClientSDK
    - EchoSDK/Core
  - JZLocationConverter (1.0.0)
  - MLeaksFinder (1.0.0)
  - RSSwizzle (0.1.0)

DEPENDENCIES:
  - EchoSDK (from `../../`)
  - MLeaksFinder (from `https://github.com/Tencent/MLeaksFinder.git`)
  - RSSwizzle

SPEC REPOS:
  trunk:
    - BSBacktraceLogger
    - CocoaAsyncSocket
    - JZLocationConverter
    - RSSwizzle

EXTERNAL SOURCES:
  EchoSDK:
    :path: "../../"
  MLeaksFinder:
    :git: https://github.com/Tencent/MLeaksFinder.git

CHECKOUT OPTIONS:
  MLeaksFinder:
    :commit: dda7088f1bbe9d1d07e730d37a16413dffa4747a
    :git: https://github.com/Tencent/MLeaksFinder.git

SPEC CHECKSUMS:
  BSBacktraceLogger: 06b983ee93a9f87d957960e9c73d660d5966b447
  CocoaAsyncSocket: 065fd1e645c7abab64f7a6a2007a48038fdc6a99
  EchoSDK: 4ffaec771844a2c976f5bc99d6a6bb6245ce9e01
  JZLocationConverter: 3d816bee6484aed9c155a6045a02ce444833e2f0
  MLeaksFinder: 89eb3142bf1bbd0a3d1849543b629399c5da74c5
  RSSwizzle: d561958f595028bfcef98c7d55c318b3878a61c6

PODFILE CHECKSUM: 7511ee3179ad4b887a4387c4aa04721fe8bf9b26

COCOAPODS: 1.10.1
